
Microsoft Visual Studio Solution File, Format Version 12.00
# Visual Studio Version 17
VisualStudioVersion = 17.7.34031.279
MinimumVisualStudioVersion = 10.0.40219.1
Project("{FAE04EC0-301F-11D3-BF4B-00C04F79EFBC}") = "OOPS(Object oriented Programming)", "OOPS(Object oriented Programming)\OOPS(Object oriented Programming).csproj", "{CF31AF25-36CF-48B9-9C03-8DE141788176}"
EndProject
Global
	GlobalSection(SolutionConfigurationPlatforms) = preSolution
		Debug|Any CPU = Debug|Any CPU
		Release|Any CPU = Release|Any CPU
	EndGlobalSection
	GlobalSection(ProjectConfigurationPlatforms) = postSolution
		{CF31AF25-36CF-48B9-9C03-8DE141788176}.Debug|Any CPU.ActiveCfg = Debug|Any CPU
		{CF31AF25-36CF-48B9-9C03-8DE141788176}.Debug|Any CPU.Build.0 = Debug|Any CPU
		{CF31AF25-36CF-48B9-9C03-8DE141788176}.Release|Any CPU.ActiveCfg = Release|Any CPU
		{CF31AF25-36CF-48B9-9C03-8DE141788176}.Release|Any CPU.Build.0 = Release|Any CPU
	EndGlobalSection
	GlobalSection(SolutionProperties) = preSolution
		HideSolutionNode = FALSE
	EndGlobalSection
	GlobalSection(ExtensibilityGlobals) = postSolution
		SolutionGuid = {AB445875-919B-4519-A3D2-680FD6698664}
	EndGlobalSection
EndGlobal
